
Microsoft Visual Studio Solution File, Format Version 12.00
# Visual Studio Version 17
VisualStudioVersion = 17.4.33213.308
MinimumVisualStudioVersion = 10.0.40219.1
Project("{FAE04EC0-301F-11D3-BF4B-00C04F79EFBC}") = "modul5_1302210046", "modul5_1302210046.csproj", "{D66B71AD-C671-4B0F-A788-AD9E3CD673AD}"
EndProject
Global
	GlobalSection(SolutionConfigurationPlatforms) = preSolution
		Debug|Any CPU = Debug|Any CPU
		Release|Any CPU = Release|Any CPU
	EndGlobalSection
	GlobalSection(ProjectConfigurationPlatforms) = postSolution
		{D66B71AD-C671-4B0F-A788-AD9E3CD673AD}.Debug|Any CPU.ActiveCfg = Debug|Any CPU
		{D66B71AD-C671-4B0F-A788-AD9E3CD673AD}.Debug|Any CPU.Build.0 = Debug|Any CPU
		{D66B71AD-C671-4B0F-A788-AD9E3CD673AD}.Release|Any CPU.ActiveCfg = Release|Any CPU
		{D66B71AD-C671-4B0F-A788-AD9E3CD673AD}.Release|Any CPU.Build.0 = Release|Any CPU
	EndGlobalSection
	GlobalSection(SolutionProperties) = preSolution
		HideSolutionNode = FALSE
	EndGlobalSection
	GlobalSection(ExtensibilityGlobals) = postSolution
		SolutionGuid = {ABF0CF52-1C31-4D92-A277-A3CF638F42C7}
	EndGlobalSection
EndGlobal
